
Microsoft Visual Studio Solution File, Format Version 12.00
# Visual Studio Version 17
VisualStudioVersion = 17.2.32630.192
MinimumVisualStudioVersion = 10.0.40219.1
Project("{FAE04EC0-301F-11D3-BF4B-00C04F79EFBC}") = "MyTodoApp", "MyTodoApp\MyTodoApp.csproj", "{9834F0DA-114A-4C4D-B26F-7FB82EDB8D5F}"
EndProject
Project("{FAE04EC0-301F-11D3-BF4B-00C04F79EFBC}") = "MyTodoApp.Data", "MyTodoApp.Data\MyTodoApp.Data.csproj", "{14F76BBC-73D9-450D-9905-073B081277FA}"
EndProject
Project("{FAE04EC0-301F-11D3-BF4B-00C04F79EFBC}") = "MyTodoApp.Core", "MyTodoApp.Core\MyTodoApp.Core.csproj", "{7B5FB380-E0E5-49A8-9096-E7D1781CCBC0}"
EndProject
Project("{FAE04EC0-301F-11D3-BF4B-00C04F79EFBC}") = "MyTodoApp.Service", "MyTodoApp.Service\MyTodoApp.Service.csproj", "{5FB03FCE-DCED-4552-805C-E72CE6AC024C}"
EndProject
Global
	GlobalSection(SolutionConfigurationPlatforms) = preSolution
		Debug|Any CPU = Debug|Any CPU
		Release|Any CPU = Release|Any CPU
	EndGlobalSection
	GlobalSection(ProjectConfigurationPlatforms) = postSolution
		{9834F0DA-114A-4C4D-B26F-7FB82EDB8D5F}.Debug|Any CPU.ActiveCfg = Debug|Any CPU
		{9834F0DA-114A-4C4D-B26F-7FB82EDB8D5F}.Debug|Any CPU.Build.0 = Debug|Any CPU
		{9834F0DA-114A-4C4D-B26F-7FB82EDB8D5F}.Release|Any CPU.ActiveCfg = Release|Any CPU
		{9834F0DA-114A-4C4D-B26F-7FB82EDB8D5F}.Release|Any CPU.Build.0 = Release|Any CPU
		{14F76BBC-73D9-450D-9905-073B081277FA}.Debug|Any CPU.ActiveCfg = Debug|Any CPU
		{14F76BBC-73D9-450D-9905-073B081277FA}.Debug|Any CPU.Build.0 = Debug|Any CPU
		{14F76BBC-73D9-450D-9905-073B081277FA}.Release|Any CPU.ActiveCfg = Release|Any CPU
		{14F76BBC-73D9-450D-9905-073B081277FA}.Release|Any CPU.Build.0 = Release|Any CPU
		{7B5FB380-E0E5-49A8-9096-E7D1781CCBC0}.Debug|Any CPU.ActiveCfg = Debug|Any CPU
		{7B5FB380-E0E5-49A8-9096-E7D1781CCBC0}.Debug|Any CPU.Build.0 = Debug|Any CPU
		{7B5FB380-E0E5-49A8-9096-E7D1781CCBC0}.Release|Any CPU.ActiveCfg = Release|Any CPU
		{7B5FB380-E0E5-49A8-9096-E7D1781CCBC0}.Release|Any CPU.Build.0 = Release|Any CPU
		{5FB03FCE-DCED-4552-805C-E72CE6AC024C}.Debug|Any CPU.ActiveCfg = Debug|Any CPU
		{5FB03FCE-DCED-4552-805C-E72CE6AC024C}.Debug|Any CPU.Build.0 = Debug|Any CPU
		{5FB03FCE-DCED-4552-805C-E72CE6AC024C}.Release|Any CPU.ActiveCfg = Release|Any CPU
		{5FB03FCE-DCED-4552-805C-E72CE6AC024C}.Release|Any CPU.Build.0 = Release|Any CPU
	EndGlobalSection
	GlobalSection(SolutionProperties) = preSolution
		HideSolutionNode = FALSE
	EndGlobalSection
	GlobalSection(ExtensibilityGlobals) = postSolution
		SolutionGuid = {1DDB4181-716F-473B-A890-5310731B0CD0}
	EndGlobalSection
EndGlobal
